
Microsoft Visual Studio Solution File, Format Version 12.00
# Visual Studio Version 16
VisualStudioVersion = 16.0.29306.81
MinimumVisualStudioVersion = 10.0.40219.1
Project("{FAE04EC0-301F-11D3-BF4B-00C04F79EFBC}") = "Smart_Orange", "Smart_Orange.csproj", "{A4AF02A0-A4F7-4A58-A956-4D1A744E538A}"
EndProject
Project("{2150E333-8FDC-42A3-9474-1A3956D46DE8}") = "Solution Items", "Solution Items", "{397BE058-B870-4841-A77A-DBCD528D6566}"
EndProject
Global
	GlobalSection(SolutionConfigurationPlatforms) = preSolution
		Debug|Any CPU = Debug|Any CPU
		Debug|x64 = Debug|x64
		Release|Any CPU = Release|Any CPU
		Release|x64 = Release|x64
	EndGlobalSection
	GlobalSection(ProjectConfigurationPlatforms) = postSolution
		{A4AF02A0-A4F7-4A58-A956-4D1A744E538A}.Debug|Any CPU.ActiveCfg = Debug|Any CPU
		{A4AF02A0-A4F7-4A58-A956-4D1A744E538A}.Debug|Any CPU.Build.0 = Debug|Any CPU
		{A4AF02A0-A4F7-4A58-A956-4D1A744E538A}.Debug|x64.ActiveCfg = Debug|x64
		{A4AF02A0-A4F7-4A58-A956-4D1A744E538A}.Debug|x64.Build.0 = Debug|x64
		{A4AF02A0-A4F7-4A58-A956-4D1A744E538A}.Release|Any CPU.ActiveCfg = Release|Any CPU
		{A4AF02A0-A4F7-4A58-A956-4D1A744E538A}.Release|Any CPU.Build.0 = Release|Any CPU
		{A4AF02A0-A4F7-4A58-A956-4D1A744E538A}.Release|x64.ActiveCfg = Release|x64
		{A4AF02A0-A4F7-4A58-A956-4D1A744E538A}.Release|x64.Build.0 = Release|x64
	EndGlobalSection
	GlobalSection(SolutionProperties) = preSolution
		HideSolutionNode = FALSE
	EndGlobalSection
	GlobalSection(ExtensibilityGlobals) = postSolution
		SolutionGuid = {11E77261-2370-408E-9E26-8E253E4EFB10}
	EndGlobalSection
EndGlobal
